
Microsoft Visual Studio Solution File, Format Version 12.00
# Visual Studio Version 17
VisualStudioVersion = 17.12.35707.178
MinimumVisualStudioVersion = 10.0.40219.1
Project("{FAE04EC0-301F-11D3-BF4B-00C04F79EFBC}") = "WorkdayCalendar", "WorkdayCalendar\WorkdayCalendar.csproj", "{A9C46857-8F80-4541-8015-6CC32775E76B}"
EndProject
Project("{2150E333-8FDC-42A3-9474-1A3956D46DE8}") = "tests", "tests", "{6CF527A4-0EA7-4ED4-9F74-5124E83331D5}"
EndProject
Project("{FAE04EC0-301F-11D3-BF4B-00C04F79EFBC}") = "WorkdayCalendarUnitTest", "WorkdayCalendarUnitTest\WorkdayCalendarUnitTest.csproj", "{63AA58A8-45ED-4C88-A615-E4AC208F7906}"
EndProject
Global
	GlobalSection(SolutionConfigurationPlatforms) = preSolution
		Debug|Any CPU = Debug|Any CPU
		Release|Any CPU = Release|Any CPU
	EndGlobalSection
	GlobalSection(ProjectConfigurationPlatforms) = postSolution
		{A9C46857-8F80-4541-8015-6CC32775E76B}.Debug|Any CPU.ActiveCfg = Debug|Any CPU
		{A9C46857-8F80-4541-8015-6CC32775E76B}.Debug|Any CPU.Build.0 = Debug|Any CPU
		{A9C46857-8F80-4541-8015-6CC32775E76B}.Release|Any CPU.ActiveCfg = Release|Any CPU
		{A9C46857-8F80-4541-8015-6CC32775E76B}.Release|Any CPU.Build.0 = Release|Any CPU
		{63AA58A8-45ED-4C88-A615-E4AC208F7906}.Debug|Any CPU.ActiveCfg = Debug|Any CPU
		{63AA58A8-45ED-4C88-A615-E4AC208F7906}.Debug|Any CPU.Build.0 = Debug|Any CPU
		{63AA58A8-45ED-4C88-A615-E4AC208F7906}.Release|Any CPU.ActiveCfg = Release|Any CPU
		{63AA58A8-45ED-4C88-A615-E4AC208F7906}.Release|Any CPU.Build.0 = Release|Any CPU
	EndGlobalSection
	GlobalSection(SolutionProperties) = preSolution
		HideSolutionNode = FALSE
	EndGlobalSection
	GlobalSection(NestedProjects) = preSolution
		{63AA58A8-45ED-4C88-A615-E4AC208F7906} = {6CF527A4-0EA7-4ED4-9F74-5124E83331D5}
	EndGlobalSection
EndGlobal
